// !$*UTF8*$!
{
	archiveVersion = 1;
	classes = {
	};
	objectVersion = 56;
	objects = {

/* Begin PBXBuildFile section */
		63F20F032CFC96B400DBBA21 /* labo_4App.swift in Sources */ = {isa = PBXBuildFile; fileRef = 63F20F022CFC96B400DBBA21 /* labo_4App.swift */; };
		63F20F052CFC96B400DBBA21 /* ContentView.swift in Sources */ = {isa = PBXBuildFile; fileRef = 63F20F042CFC96B400DBBA21 /* ContentView.swift */; };
		63F20F072CFC96B500DBBA21 /* Assets.xcassets in Resources */ = {isa = PBXBuildFile; fileRef = 63F20F062CFC96B500DBBA21 /* Assets.xcassets */; };
		63F20F0A2CFC96B500DBBA21 /* Preview Assets.xcassets in Resources */ = {isa = PBXBuildFile; fileRef = 63F20F092CFC96B500DBBA21 /* Preview Assets.xcassets */; };
		63F20F0F2CFC96B500DBBA21 /* labo_4.xcdatamodeld in Sources */ = {isa = PBXBuildFile; fileRef = 63F20F0D2CFC96B500DBBA21 /* labo_4.xcdatamodeld */; };
		63F20F162CFC96F200DBBA21 /* CoreDataStack.swift in Sources */ = {isa = PBXBuildFile; fileRef = 63F20F152CFC96F200DBBA21 /* CoreDataStack.swift */; };
		63F20F182CFC97DC00DBBA21 /* UserListView.swift in Sources */ = {isa = PBXBuildFile; fileRef = 63F20F172CFC97DC00DBBA21 /* UserListView.swift */; };
		63F20F1B2CFC9D2000DBBA21 /* User+CoreDataClass.swift in Sources */ = {isa = PBXBuildFile; fileRef = 63F20F192CFC9D2000DBBA21 /* User+CoreDataClass.swift */; };
		63F20F1C2CFC9D2000DBBA21 /* User+CoreDataProperties.swift in Sources */ = {isa = PBXBuildFile; fileRef = 63F20F1A2CFC9D2000DBBA21 /* User+CoreDataProperties.swift */; };
		63F20F242CFCD94700DBBA21 /* PersistenceController.swift in Sources */ = {isa = PBXBuildFile; fileRef = 63F20F232CFCD94700DBBA21 /* PersistenceController.swift */; };
/* End PBXBuildFile section */

/* Begin PBXFileReference section */
		63F20EFF2CFC96B400DBBA21 /* labo_4.app */ = {isa = PBXFileReference; explicitFileType = wrapper.application; includeInIndex = 0; path = labo_4.app; sourceTree = BUILT_PRODUCTS_DIR; };
		63F20F022CFC96B400DBBA21 /* labo_4App.swift */ = {isa = PBXFileReference; lastKnownFileType = sourcecode.swift; path = labo_4App.swift; sourceTree = "<group>"; };
		63F20F042CFC96B400DBBA21 /* ContentView.swift */ = {isa = PBXFileReference; lastKnownFileType = sourcecode.swift; path = ContentView.swift; sourceTree = "<group>"; };
		63F20F062CFC96B500DBBA21 /* Assets.xcassets */ = {isa = PBXFileReference; lastKnownFileType = folder.assetcatalog; path = Assets.xcassets; sourceTree = "<group>"; };
		63F20F092CFC96B500DBBA21 /* Preview Assets.xcassets */ = {isa = PBXFileReference; lastKnownFileType = folder.assetcatalog; path = "Preview Assets.xcassets"; sourceTree = "<group>"; };
		63F20F0E2CFC96B500DBBA21 /* labo_4.xcdatamodel */ = {isa = PBXFileReference; lastKnownFileType = wrapper.xcdatamodel; path = labo_4.xcdatamodel; sourceTree = "<group>"; };
		63F20F152CFC96F200DBBA21 /* CoreDataStack.swift */ = {isa = PBXFileReference; lastKnownFileType = sourcecode.swift; path = CoreDataStack.swift; sourceTree = "<group>"; };
		63F20F172CFC97DC00DBBA21 /* UserListView.swift */ = {isa = PBXFileReference; lastKnownFileType = sourcecode.swift; path = UserListView.swift; sourceTree = "<group>"; };
		63F20F192CFC9D2000DBBA21 /* User+CoreDataClass.swift */ = {isa = PBXFileReference; lastKnownFileType = sourcecode.swift; path = "User+CoreDataClass.swift"; sourceTree = "<group>"; };
		63F20F1A2CFC9D2000DBBA21 /* User+CoreDataProperties.swift */ = {isa = PBXFileReference; lastKnownFileType = sourcecode.swift; path = "User+CoreDataProperties.swift"; sourceTree = "<group>"; };
		63F20F232CFCD94700DBBA21 /* PersistenceController.swift */ = {isa = PBXFileReference; lastKnownFileType = sourcecode.swift; path = PersistenceController.swift; sourceTree = "<group>"; };
/* End PBXFileReference section */

/* Begin PBXFrameworksBuildPhase section */
		63F20EFC2CFC96B400DBBA21 /* Frameworks */ = {
			isa = PBXFrameworksBuildPhase;
			buildActionMask = 2147483647;
			files = (
			);
			runOnlyForDeploymentPostprocessing = 0;
		};
/* End PBXFrameworksBuildPhase section */

/* Begin PBXGroup section */
		63F20EF62CFC96B400DBBA21 = {
			isa = PBXGroup;
			children = (
				63F20F192CFC9D2000DBBA21 /* User+CoreDataClass.swift */,
				63F20F1A2CFC9D2000DBBA21 /* User+CoreDataProperties.swift */,
				63F20F012CFC96B400DBBA21 /* labo_4 */,
				63F20F002CFC96B400DBBA21 /* Products */,
			);
			sourceTree = "<group>";
		};
		63F20F002CFC96B400DBBA21 /* Products */ = {
			isa = PBXGroup;
			children = (
				63F20EFF2CFC96B400DBBA21 /* labo_4.app */,
			);
			name = Products;
			sourceTree = "<group>";
		};
		63F20F012CFC96B400DBBA21 /* labo_4 */ = {
			isa = PBXGroup;
			children = (
				63F20F022CFC96B400DBBA21 /* labo_4App.swift */,
				63F20F042CFC96B400DBBA21 /* ContentView.swift */,
				63F20F062CFC96B500DBBA21 /* Assets.xcassets */,
				63F20F0D2CFC96B500DBBA21 /* labo_4.xcdatamodeld */,
				63F20F082CFC96B500DBBA21 /* Preview Content */,
				63F20F152CFC96F200DBBA21 /* CoreDataStack.swift */,
				63F20F172CFC97DC00DBBA21 /* UserListView.swift */,
				63F20F232CFCD94700DBBA21 /* PersistenceController.swift */,
			);
			path = labo_4;
			sourceTree = "<group>";
		};
		63F20F082CFC96B500DBBA21 /* Preview Content */ = {
			isa = PBXGroup;
			children = (
				63F20F092CFC96B500DBBA21 /* Preview Assets.xcassets */,
			);
			path = "Preview Content";
			sourceTree = "<group>";
		};
/* End PBXGroup section */

/* Begin PBXNativeTarget section */
		63F20EFE2CFC96B400DBBA21 /* labo_4 */ = {
			isa = PBXNativeTarget;
			buildConfigurationList = 63F20F122CFC96B500DBBA21 /* Build configuration list for PBXNativeTarget "labo_4" */;
			buildPhases = (
				63F20EFB2CFC96B400DBBA21 /* Sources */,
				63F20EFC2CFC96B400DBBA21 /* Frameworks */,
				63F20EFD2CFC96B400DBBA21 /* Resources */,
			);
			buildRules = (
			);
			dependencies = (
			);
			name = labo_4;
			productName = labo_4;
			productReference = 63F20EFF2CFC96B400DBBA21 /* labo_4.app */;
			productType = "com.apple.product-type.application";
		};
/* End PBXNativeTarget section */

/* Begin PBXProject section */
		63F20EF72CFC96B400DBBA21 /* Project object */ = {
			isa = PBXProject;
			attributes = {
				BuildIndependentTargetsInParallel = 1;
				LastSwiftUpdateCheck = 1430;
				LastUpgradeCheck = 1430;
				TargetAttributes = {
					63F20EFE2CFC96B400DBBA21 = {
						CreatedOnToolsVersion = 14.3;
					};
				};
			};
			buildConfigurationList = 63F20EFA2CFC96B400DBBA21 /* Build configuration list for PBXProject "labo_4" */;
			compatibilityVersion = "Xcode 14.0";
			developmentRegion = en;
			hasScannedForEncodings = 0;
			knownRegions = (
				en,
				Base,
			);
			mainGroup = 63F20EF62CFC96B400DBBA21;
			productRefGroup = 63F20F002CFC96B400DBBA21 /* Products */;
			projectDirPath = "";
			projectRoot = "";
			targets = (
				63F20EFE2CFC96B400DBBA21 /* labo_4 */,
			);
		};
/* End PBXProject section */

/* Begin PBXResourcesBuildPhase section */
		63F20EFD2CFC96B400DBBA21 /* Resources */ = {
			isa = PBXResourcesBuildPhase;
			buildActionMask = 2147483647;
			files = (
				63F20F0A2CFC96B500DBBA21 /* Preview Assets.xcassets in Resources */,
				63F20F072CFC96B500DBBA21 /* Assets.xcassets in Resources */,
			);
			runOnlyForDeploymentPostprocessing = 0;
		};
/* End PBXResourcesBuildPhase section */

/* Begin PBXSourcesBuildPhase section */
		63F20EFB2CFC96B400DBBA21 /* Sources */ = {
			isa = PBXSourcesBuildPhase;
			buildActionMask = 2147483647;
			files = (
				63F20F162CFC96F200DBBA21 /* CoreDataStack.swift in Sources */,
				63F20F182CFC97DC00DBBA21 /* UserListView.swift in Sources */,
				63F20F1C2CFC9D2000DBBA21 /* User+CoreDataProperties.swift in Sources */,
				63F20F0F2CFC96B500DBBA21 /* labo_4.xcdatamodeld in Sources */,
				63F20F052CFC96B400DBBA21 /* ContentView.swift in Sources */,
				63F20F032CFC96B400DBBA21 /* labo_4App.swift in Sources */,
				63F20F1B2CFC9D2000DBBA21 /* User+CoreDataClass.swift in Sources */,
				63F20F242CFCD94700DBBA21 /* PersistenceController.swift in Sources */,
			);
			runOnlyForDeploymentPostprocessing = 0;
		};
/* End PBXSourcesBuildPhase section */

/* Begin XCBuildConfiguration section */
		63F20F102CFC96B500DBBA21 /* Debug */ = {
			isa = XCBuildConfiguration;
			buildSettings = {
				ALWAYS_SEARCH_USER_PATHS = NO;
				CLANG_ANALYZER_NONNULL = YES;
				CLANG_ANALYZER_NUMBER_OBJECT_CONVERSION = YES_AGGRESSIVE;
				CLANG_CXX_LANGUAGE_STANDARD = "gnu++20";
				CLANG_ENABLE_MODULES = YES;
				CLANG_ENABLE_OBJC_ARC = YES;
				CLANG_ENABLE_OBJC_WEAK = YES;
				CLANG_WARN_BLOCK_CAPTURE_AUTORELEASING = YES;
				CLANG_WARN_BOOL_CONVERSION = YES;
				CLANG_WARN_COMMA = YES;
				CLANG_WARN_CONSTANT_CONVERSION = YES;
				CLANG_WARN_DEPRECATED_OBJC_IMPLEMENTATIONS = YES;
				CLANG_WARN_DIRECT_OBJC_ISA_USAGE = YES_ERROR;
				CLANG_WARN_DOCUMENTATION_COMMENTS = YES;
				CLANG_WARN_EMPTY_BODY = YES;
				CLANG_WARN_ENUM_CONVERSION = YES;
				CLANG_WARN_INFINITE_RECURSION = YES;
				CLANG_WARN_INT_CONVERSION = YES;
				CLANG_WARN_NON_LITERAL_NULL_CONVERSION = YES;
				CLANG_WARN_OBJC_IMPLICIT_RETAIN_SELF = YES;
				CLANG_WARN_OBJC_LITERAL_CONVERSION = YES;
				CLANG_WARN_OBJC_ROOT_CLASS = YES_ERROR;
				CLANG_WARN_QUOTED_INCLUDE_IN_FRAMEWORK_HEADER = YES;
				CLANG_WARN_RANGE_LOOP_ANALYSIS = YES;
				CLANG_WARN_STRICT_PROTOTYPES = YES;
				CLANG_WARN_SUSPICIOUS_MOVE = YES;
				CLANG_WARN_UNGUARDED_AVAILABILITY = YES_AGGRESSIVE;
				CLANG_WARN_UNREACHABLE_CODE = YES;
				CLANG_WARN__DUPLICATE_METHOD_MATCH = YES;
				COPY_PHASE_STRIP = NO;
				DEBUG_INFORMATION_FORMAT = dwarf;
				ENABLE_STRICT_OBJC_MSGSEND = YES;
				ENABLE_TESTABILITY = YES;
				GCC_C_LANGUAGE_STANDARD = gnu11;
				GCC_DYNAMIC_NO_PIC = NO;
				GCC_NO_COMMON_BLOCKS = YES;
				GCC_OPTIMIZATION_LEVEL = 0;
				GCC_PREPROCESSOR_DEFINITIONS = (
					"DEBUG=1",
					"$(inherited)",
				);
				GCC_WARN_64_TO_32_BIT_CONVERSION = YES;
				GCC_WARN_ABOUT_RETURN_TYPE = YES_ERROR;
				GCC_WARN_UNDECLARED_SELECTOR = YES;
				GCC_WARN_UNINITIALIZED_AUTOS = YES_AGGRESSIVE;
				GCC_WARN_UNUSED_FUNCTION = YES;
				GCC_WARN_UNUSED_VARIABLE = YES;
				IPHONEOS_DEPLOYMENT_TARGET = 16.4;
				MTL_ENABLE_DEBUG_INFO = INCLUDE_SOURCE;
				MTL_FAST_MATH = YES;
				ONLY_ACTIVE_ARCH = YES;
				SDKROOT = iphoneos;
				SWIFT_ACTIVE_COMPILATION_CONDITIONS = DEBUG;
				SWIFT_OPTIMIZATION_LEVEL = "-Onone";
			};
			name = Debug;
		};
		63F20F112CFC96B500DBBA21 /* Release */ = {
			isa = XCBuildConfiguration;
			buildSettings = {
				ALWAYS_SEARCH_USER_PATHS = NO;
				CLANG_ANALYZER_NONNULL = YES;
				CLANG_ANALYZER_NUMBER_OBJECT_CONVERSION = YES_AGGRESSIVE;
				CLANG_CXX_LANGUAGE_STANDARD = "gnu++20";
				CLANG_ENABLE_MODULES = YES;
				CLANG_ENABLE_OBJC_ARC = YES;
				CLANG_ENABLE_OBJC_WEAK = YES;
				CLANG_WARN_BLOCK_CAPTURE_AUTORELEASING = YES;
				CLANG_WARN_BOOL_CONVERSION = YES;
				CLANG_WARN_COMMA = YES;
				CLANG_WARN_CONSTANT_CONVERSION = YES;
				CLANG_WARN_DEPRECATED_OBJC_IMPLEMENTATIONS = YES;
				CLANG_WARN_DIRECT_OBJC_ISA_USAGE = YES_ERROR;
				CLANG_WARN_DOCUMENTATION_COMMENTS = YES;
				CLANG_WARN_EMPTY_BODY = YES;
				CLANG_WARN_ENUM_CONVERSION = YES;
				CLANG_WARN_INFINITE_RECURSION = YES;
				CLANG_WARN_INT_CONVERSION = YES;
				CLANG_WARN_NON_LITERAL_NULL_CONVERSION = YES;
				CLANG_WARN_OBJC_IMPLICIT_RETAIN_SELF = YES;
				CLANG_WARN_OBJC_LITERAL_CONVERSION = YES;
				CLANG_WARN_OBJC_ROOT_CLASS = YES_ERROR;
				CLANG_WARN_QUOTED_INCLUDE_IN_FRAMEWORK_HEADER = YES;
				CLANG_WARN_RANGE_LOOP_ANALYSIS = YES;
				CLANG_WARN_STRICT_PROTOTYPES = YES;
				CLANG_WARN_SUSPICIOUS_MOVE = YES;
				CLANG_WARN_UNGUARDED_AVAILABILITY = YES_AGGRESSIVE;
				CLANG_WARN_UNREACHABLE_CODE = YES;
				CLANG_WARN__DUPLICATE_METHOD_MATCH = YES;
				COPY_PHASE_STRIP = NO;
				DEBUG_INFORMATION_FORMAT = "dwarf-with-dsym";
				ENABLE_NS_ASSERTIONS = NO;
				ENABLE_STRICT_OBJC_MSGSEND = YES;
				GCC_C_LANGUAGE_STANDARD = gnu11;
				GCC_NO_COMMON_BLOCKS = YES;
				GCC_WARN_64_TO_32_BIT_CONVERSION = YES;
				GCC_WARN_ABOUT_RETURN_TYPE = YES_ERROR;
				GCC_WARN_UNDECLARED_SELECTOR = YES;
				GCC_WARN_UNINITIALIZED_AUTOS = YES_AGGRESSIVE;
				GCC_WARN_UNUSED_FUNCTION = YES;
				GCC_WARN_UNUSED_VARIABLE = YES;
				IPHONEOS_DEPLOYMENT_TARGET = 16.4;
				MTL_ENABLE_DEBUG_INFO = NO;
				MTL_FAST_MATH = YES;
				SDKROOT = iphoneos;
				SWIFT_COMPILATION_MODE = wholemodule;
				SWIFT_OPTIMIZATION_LEVEL = "-O";
				VALIDATE_PRODUCT = YES;
			};
			name = Release;
		};
		63F20F132CFC96B500DBBA21 /* Debug */ = {
			isa = XCBuildConfiguration;
			buildSettings = {
				ASSETCATALOG_COMPILER_APPICON_NAME = AppIcon;
				ASSETCATALOG_COMPILER_GLOBAL_ACCENT_COLOR_NAME = AccentColor;
				CODE_SIGN_STYLE = Automatic;
				CURRENT_PROJECT_VERSION = 1;
				DEVELOPMENT_ASSET_PATHS = "\"labo_4/Preview Content\"";
				DEVELOPMENT_TEAM = 24H3WT382K;
				ENABLE_PREVIEWS = YES;
				GENERATE_INFOPLIST_FILE = YES;
				INFOPLIST_KEY_UIApplicationSceneManifest_Generation = YES;
				INFOPLIST_KEY_UIApplicationSupportsIndirectInputEvents = YES;
				INFOPLIST_KEY_UILaunchScreen_Generation = YES;
				INFOPLIST_KEY_UISupportedInterfaceOrientations_iPad = "UIInterfaceOrientationPortrait UIInterfaceOrientationPortraitUpsideDown UIInterfaceOrientationLandscapeLeft UIInterfaceOrientationLandscapeRight";
				INFOPLIST_KEY_UISupportedInterfaceOrientations_iPhone = "UIInterfaceOrientationPortrait UIInterfaceOrientationLandscapeLeft UIInterfaceOrientationLandscapeRight";
				LD_RUNPATH_SEARCH_PATHS = (
					"$(inherited)",
					"@executable_path/Frameworks",
				);
				MARKETING_VERSION = 1.0;
				PRODUCT_BUNDLE_IDENTIFIER = "project1.labo-4";
				PRODUCT_NAME = "$(TARGET_NAME)";
				SWIFT_EMIT_LOC_STRINGS = YES;
				SWIFT_VERSION = 5.0;
				TARGETED_DEVICE_FAMILY = "1,2";
			};
			name = Debug;
		};
		63F20F142CFC96B500DBBA21 /* Release */ = {
			isa = XCBuildConfiguration;
			buildSettings = {
				ASSETCATALOG_COMPILER_APPICON_NAME = AppIcon;
				ASSETCATALOG_COMPILER_GLOBAL_ACCENT_COLOR_NAME = AccentColor;
				CODE_SIGN_STYLE = Automatic;
				CURRENT_PROJECT_VERSION = 1;
				DEVELOPMENT_ASSET_PATHS = "\"labo_4/Preview Content\"";
				DEVELOPMENT_TEAM = 24H3WT382K;
				ENABLE_PREVIEWS = YES;
				GENERATE_INFOPLIST_FILE = YES;
				INFOPLIST_KEY_UIApplicationSceneManifest_Generation = YES;
				INFOPLIST_KEY_UIApplicationSupportsIndirectInputEvents = YES;
				INFOPLIST_KEY_UILaunchScreen_Generation = YES;
				INFOPLIST_KEY_UISupportedInterfaceOrientations_iPad = "UIInterfaceOrientationPortrait UIInterfaceOrientationPortraitUpsideDown UIInterfaceOrientationLandscapeLeft UIInterfaceOrientationLandscapeRight";
				INFOPLIST_KEY_UISupportedInterfaceOrientations_iPhone = "UIInterfaceOrientationPortrait UIInterfaceOrientationLandscapeLeft UIInterfaceOrientationLandscapeRight";
				LD_RUNPATH_SEARCH_PATHS = (
					"$(inherited)",
					"@executable_path/Frameworks",
				);
				MARKETING_VERSION = 1.0;
				PRODUCT_BUNDLE_IDENTIFIER = "project1.labo-4";
				PRODUCT_NAME = "$(TARGET_NAME)";
				SWIFT_EMIT_LOC_STRINGS = YES;
				SWIFT_VERSION = 5.0;
				TARGETED_DEVICE_FAMILY = "1,2";
			};
			name = Release;
		};
/* End XCBuildConfiguration section */

/* Begin XCConfigurationList section */
		63F20EFA2CFC96B400DBBA21 /* Build configuration list for PBXProject "labo_4" */ = {
			isa = XCConfigurationList;
			buildConfigurations = (
				63F20F102CFC96B500DBBA21 /* Debug */,
				63F20F112CFC96B500DBBA21 /* Release */,
			);
			defaultConfigurationIsVisible = 0;
			defaultConfigurationName = Release;
		};
		63F20F122CFC96B500DBBA21 /* Build configuration list for PBXNativeTarget "labo_4" */ = {
			isa = XCConfigurationList;
			buildConfigurations = (
				63F20F132CFC96B500DBBA21 /* Debug */,
				63F20F142CFC96B500DBBA21 /* Release */,
			);
			defaultConfigurationIsVisible = 0;
			defaultConfigurationName = Release;
		};
/* End XCConfigurationList section */

/* Begin XCVersionGroup section */
		63F20F0D2CFC96B500DBBA21 /* labo_4.xcdatamodeld */ = {
			isa = XCVersionGroup;
			children = (
				63F20F0E2CFC96B500DBBA21 /* labo_4.xcdatamodel */,
			);
			currentVersion = 63F20F0E2CFC96B500DBBA21 /* labo_4.xcdatamodel */;
			path = labo_4.xcdatamodeld;
			sourceTree = "<group>";
			versionGroupType = wrapper.xcdatamodel;
		};
/* End XCVersionGroup section */
	};
	rootObject = 63F20EF72CFC96B400DBBA21 /* Project object */;
}
